{
  "name": "formacao-node-3",
  "version": "1.0.0",
  "lockfileVersion": 3,
  "requires": true,
  "packages": {
    "": {
      "name": "formacao-node-3",
      "version": "1.0.0",
      "dependencies": {
        "formacao-node-3": "file:"
      }
    },
    "node_modules/formacao-node-3": {
      "resolved": "",
      "link": true
    }
  }
}
